
Microsoft Visual Studio Solution File, Format Version 12.00
# Visual Studio Version 16
VisualStudioVersion = 16.0.30406.217
MinimumVisualStudioVersion = 10.0.40219.1
Project("{FAE04EC0-301F-11D3-BF4B-00C04F79EFBC}") = "WPFPractice", "WPFPractice\WPFPractice.csproj", "{DE0551EA-1869-4765-8BBD-393D7052CD19}"
EndProject
Global
	GlobalSection(SolutionConfigurationPlatforms) = preSolution
		Debug|Any CPU = Debug|Any CPU
		Release|Any CPU = Release|Any CPU
	EndGlobalSection
	GlobalSection(ProjectConfigurationPlatforms) = postSolution
		{DE0551EA-1869-4765-8BBD-393D7052CD19}.Debug|Any CPU.ActiveCfg = Debug|Any CPU
		{DE0551EA-1869-4765-8BBD-393D7052CD19}.Debug|Any CPU.Build.0 = Debug|Any CPU
		{DE0551EA-1869-4765-8BBD-393D7052CD19}.Release|Any CPU.ActiveCfg = Release|Any CPU
		{DE0551EA-1869-4765-8BBD-393D7052CD19}.Release|Any CPU.Build.0 = Release|Any CPU
	EndGlobalSection
	GlobalSection(SolutionProperties) = preSolution
		HideSolutionNode = FALSE
	EndGlobalSection
	GlobalSection(ExtensibilityGlobals) = postSolution
		SolutionGuid = {3BFFA76A-5324-47D0-814B-043B02968D9D}
	EndGlobalSection
EndGlobal
