
Microsoft Visual Studio Solution File, Format Version 12.00
# Visual Studio Version 16
VisualStudioVersion = 16.0.30406.217
MinimumVisualStudioVersion = 10.0.40219.1
Project("{9A19103F-16F7-4668-BE54-9A1E7A4F7556}") = "MyLibrary", "MyLibrary\MyLibrary.csproj", "{8E5BA89F-9563-4112-A97B-BE1534CA0BA5}"
EndProject
Project("{FAE04EC0-301F-11D3-BF4B-00C04F79EFBC}") = "ConsoleApp", "ConsoleApp\ConsoleApp.csproj", "{F51DA88D-8222-427A-84D0-DD8A7BEE657C}"
EndProject
Project("{FAE04EC0-301F-11D3-BF4B-00C04F79EFBC}") = "MyNumber", "MyNumber\MyNumber.csproj", "{611EFACC-A9C3-4E57-B8AF-89E4598C5B28}"
EndProject
Project("{FAE04EC0-301F-11D3-BF4B-00C04F79EFBC}") = "MyPracticeTest", "MyPracticeTest\MyPracticeTest.csproj", "{90D8B66D-CDC1-4FB0-8A8D-DAFEC6865B6C}"
EndProject
Project("{FAE04EC0-301F-11D3-BF4B-00C04F79EFBC}") = "BlockchainInteraction", "BlockchainInteraction\BlockchainInteraction.csproj", "{EEABC899-B3B0-4A92-AC21-FC9F0B7C1B7B}"
EndProject
Global
	GlobalSection(SolutionConfigurationPlatforms) = preSolution
		Debug|Any CPU = Debug|Any CPU
		Release|Any CPU = Release|Any CPU
	EndGlobalSection
	GlobalSection(ProjectConfigurationPlatforms) = postSolution
		{8E5BA89F-9563-4112-A97B-BE1534CA0BA5}.Debug|Any CPU.ActiveCfg = Debug|Any CPU
		{8E5BA89F-9563-4112-A97B-BE1534CA0BA5}.Debug|Any CPU.Build.0 = Debug|Any CPU
		{8E5BA89F-9563-4112-A97B-BE1534CA0BA5}.Release|Any CPU.ActiveCfg = Release|Any CPU
		{8E5BA89F-9563-4112-A97B-BE1534CA0BA5}.Release|Any CPU.Build.0 = Release|Any CPU
		{F51DA88D-8222-427A-84D0-DD8A7BEE657C}.Debug|Any CPU.ActiveCfg = Debug|Any CPU
		{F51DA88D-8222-427A-84D0-DD8A7BEE657C}.Debug|Any CPU.Build.0 = Debug|Any CPU
		{F51DA88D-8222-427A-84D0-DD8A7BEE657C}.Release|Any CPU.ActiveCfg = Release|Any CPU
		{F51DA88D-8222-427A-84D0-DD8A7BEE657C}.Release|Any CPU.Build.0 = Release|Any CPU
		{611EFACC-A9C3-4E57-B8AF-89E4598C5B28}.Debug|Any CPU.ActiveCfg = Debug|Any CPU
		{611EFACC-A9C3-4E57-B8AF-89E4598C5B28}.Debug|Any CPU.Build.0 = Debug|Any CPU
		{611EFACC-A9C3-4E57-B8AF-89E4598C5B28}.Release|Any CPU.ActiveCfg = Release|Any CPU
		{611EFACC-A9C3-4E57-B8AF-89E4598C5B28}.Release|Any CPU.Build.0 = Release|Any CPU
		{90D8B66D-CDC1-4FB0-8A8D-DAFEC6865B6C}.Debug|Any CPU.ActiveCfg = Debug|Any CPU
		{90D8B66D-CDC1-4FB0-8A8D-DAFEC6865B6C}.Debug|Any CPU.Build.0 = Debug|Any CPU
		{90D8B66D-CDC1-4FB0-8A8D-DAFEC6865B6C}.Release|Any CPU.ActiveCfg = Release|Any CPU
		{90D8B66D-CDC1-4FB0-8A8D-DAFEC6865B6C}.Release|Any CPU.Build.0 = Release|Any CPU
		{EEABC899-B3B0-4A92-AC21-FC9F0B7C1B7B}.Debug|Any CPU.ActiveCfg = Debug|Any CPU
		{EEABC899-B3B0-4A92-AC21-FC9F0B7C1B7B}.Debug|Any CPU.Build.0 = Debug|Any CPU
		{EEABC899-B3B0-4A92-AC21-FC9F0B7C1B7B}.Release|Any CPU.ActiveCfg = Release|Any CPU
		{EEABC899-B3B0-4A92-AC21-FC9F0B7C1B7B}.Release|Any CPU.Build.0 = Release|Any CPU
	EndGlobalSection
	GlobalSection(SolutionProperties) = preSolution
		HideSolutionNode = FALSE
	EndGlobalSection
	GlobalSection(ExtensibilityGlobals) = postSolution
		SolutionGuid = {20C616FA-27C7-4709-BCF4-4817CF3AE78E}
	EndGlobalSection
EndGlobal
